
Microsoft Visual Studio Solution File, Format Version 12.00
# Visual Studio Version 17
VisualStudioVersion = 17.14.35806.103 d17.14
MinimumVisualStudioVersion = 10.0.40219.1
Project("{FAE04EC0-301F-11D3-BF4B-00C04F79EFBC}") = "SistemaReservasExcursiones", "SistemaReservasExcursiones\SistemaReservasExcursiones.csproj", "{5289E288-9332-4040-8A1D-A6F6B84CB088}"
EndProject
Global
	GlobalSection(SolutionConfigurationPlatforms) = preSolution
		Debug|Any CPU = Debug|Any CPU
		Release|Any CPU = Release|Any CPU
	EndGlobalSection
	GlobalSection(ProjectConfigurationPlatforms) = postSolution
		{5289E288-9332-4040-8A1D-A6F6B84CB088}.Debug|Any CPU.ActiveCfg = Debug|Any CPU
		{5289E288-9332-4040-8A1D-A6F6B84CB088}.Debug|Any CPU.Build.0 = Debug|Any CPU
		{5289E288-9332-4040-8A1D-A6F6B84CB088}.Release|Any CPU.ActiveCfg = Release|Any CPU
		{5289E288-9332-4040-8A1D-A6F6B84CB088}.Release|Any CPU.Build.0 = Release|Any CPU
	EndGlobalSection
	GlobalSection(SolutionProperties) = preSolution
		HideSolutionNode = FALSE
	EndGlobalSection
	GlobalSection(ExtensibilityGlobals) = postSolution
		SolutionGuid = {6E43EB6F-AFFA-43AF-9D92-E57D9FD0B8EF}
	EndGlobalSection
EndGlobal
